PODS:
  - FSCalendar (2.8.0)
  - IGListKit (3.4.0):
    - IGListKit/Default (= 3.4.0)
  - IGListKit/Default (3.4.0):
    - IGListKit/Diffing
  - IGListKit/Diffing (3.4.0)
  - SwiftyJSON (4.2.0)

DEPENDENCIES:
  - FSCalendar
  - IGListKit
  - SwiftyJSON

SPEC REPOS:
  https://github.com/cocoapods/specs.git:
    - FSCalendar
    - IGListKit
    - SwiftyJSON

SPEC CHECKSUMS:
  FSCalendar: 3a5ed3636e2ba1b83ebebfcf0c2603105a6f5efe
  IGListKit: 7a5d788e9fb746bcd402baa8e8b24bc3bd2a5a07
  SwiftyJSON: c4bcba26dd9ec7a027fc8eade48e2c911f229e96

PODFILE CHECKSUM: f9cb19c8557f00f1c53f7627e086c8a6a60e165a

COCOAPODS: 1.5.3
